# This file is automatically @generated by Cargo.
# It is not intended for manual editing.
version = 4

[[package]]
name = "mik-asm"
version = "0.1.0"
dependencies = [
 "mik-emu",
]

[[package]]
name = "mik-emu"
version = "0.1.0"

[[package]]
name = "mik-os"
version = "0.1.0"
dependencies = [
 "mik-emu",
]
